// !$*UTF8*$!
{
	archiveVersion = 1;
	classes = {
	};
	objectVersion = 56;
	objects = {

/* Begin PBXBuildFile section */
		00EE05072B2F27B200DC7474 /* AImage2App.swift in Sources */ = {isa = PBXBuildFile; fileRef = 00EE05062B2F27B200DC7474 /* AImage2App.swift */; };
		00EE05092B2F27B200DC7474 /* ContentView.swift in Sources */ = {isa = PBXBuildFile; fileRef = 00EE05082B2F27B200DC7474 /* ContentView.swift */; };
		00EE050B2B2F27B400DC7474 /* Assets.xcassets in Resources */ = {isa = PBXBuildFile; fileRef = 00EE050A2B2F27B400DC7474 /* Assets.xcassets */; };
		00EE050E2B2F27B400DC7474 /* Preview Assets.xcassets in Resources */ = {isa = PBXBuildFile; fileRef = 00EE050D2B2F27B400DC7474 /* Preview Assets.xcassets */; };
		00EE05152B2F280600DC7474 /* UserManager.swift in Sources */ = {isa = PBXBuildFile; fileRef = 00EE05142B2F280600DC7474 /* UserManager.swift */; };
		00EE05182B2F283800DC7474 /* KeychainSwift in Frameworks */ = {isa = PBXBuildFile; productRef = 00EE05172B2F283800DC7474 /* KeychainSwift */; };
		00EE051B2B2F284900DC7474 /* Replicate in Frameworks */ = {isa = PBXBuildFile; productRef = 00EE051A2B2F284900DC7474 /* Replicate */; };
		00EE051F2B2F294300DC7474 /* LoginView.swift in Sources */ = {isa = PBXBuildFile; fileRef = 00EE051E2B2F294300DC7474 /* LoginView.swift */; };
		00EE05212B2F297800DC7474 /* RegistrationView.swift in Sources */ = {isa = PBXBuildFile; fileRef = 00EE05202B2F297800DC7474 /* RegistrationView.swift */; };
		00EE05232B2F29D300DC7474 /* ImageSearchView.swift in Sources */ = {isa = PBXBuildFile; fileRef = 00EE05222B2F29D300DC7474 /* ImageSearchView.swift */; };
		00EE05252B2F2A2200DC7474 /* ProfileView.swift in Sources */ = {isa = PBXBuildFile; fileRef = 00EE05242B2F2A2200DC7474 /* ProfileView.swift */; };
		00EE05272B2F2A8D00DC7474 /* AboutView.swift in Sources */ = {isa = PBXBuildFile; fileRef = 00EE05262B2F2A8D00DC7474 /* AboutView.swift */; };
		00EE05292B2F36EC00DC7474 /* LoggedInView.swift in Sources */ = {isa = PBXBuildFile; fileRef = 00EE05282B2F36EC00DC7474 /* LoggedInView.swift */; };
		00EE052B2B2F377700DC7474 /* EntryView.swift in Sources */ = {isa = PBXBuildFile; fileRef = 00EE052A2B2F377700DC7474 /* EntryView.swift */; };
		00EE052D2B2F37E500DC7474 /* CustomViews.swift in Sources */ = {isa = PBXBuildFile; fileRef = 00EE052C2B2F37E500DC7474 /* CustomViews.swift */; };
/* End PBXBuildFile section */

/* Begin PBXFileReference section */
		00EE05032B2F27B200DC7474 /* AImage2.app */ = {isa = PBXFileReference; explicitFileType = wrapper.application; includeInIndex = 0; path = AImage2.app; sourceTree = BUILT_PRODUCTS_DIR; };
		00EE05062B2F27B200DC7474 /* AImage2App.swift */ = {isa = PBXFileReference; lastKnownFileType = sourcecode.swift; path = AImage2App.swift; sourceTree = "<group>"; };
		00EE05082B2F27B200DC7474 /* ContentView.swift */ = {isa = PBXFileReference; lastKnownFileType = sourcecode.swift; path = ContentView.swift; sourceTree = "<group>"; };
		00EE050A2B2F27B400DC7474 /* Assets.xcassets */ = {isa = PBXFileReference; lastKnownFileType = folder.assetcatalog; path = Assets.xcassets; sourceTree = "<group>"; };
		00EE050D2B2F27B400DC7474 /* Preview Assets.xcassets */ = {isa = PBXFileReference; lastKnownFileType = folder.assetcatalog; path = "Preview Assets.xcassets"; sourceTree = "<group>"; };
		00EE05142B2F280600DC7474 /* UserManager.swift */ = {isa = PBXFileReference; lastKnownFileType = sourcecode.swift; path = UserManager.swift; sourceTree = "<group>"; };
		00EE051E2B2F294300DC7474 /* LoginView.swift */ = {isa = PBXFileReference; lastKnownFileType = sourcecode.swift; path = LoginView.swift; sourceTree = "<group>"; };
		00EE05202B2F297800DC7474 /* RegistrationView.swift */ = {isa = PBXFileReference; lastKnownFileType = sourcecode.swift; path = RegistrationView.swift; sourceTree = "<group>"; };
		00EE05222B2F29D300DC7474 /* ImageSearchView.swift */ = {isa = PBXFileReference; lastKnownFileType = sourcecode.swift; path = ImageSearchView.swift; sourceTree = "<group>"; };
		00EE05242B2F2A2200DC7474 /* ProfileView.swift */ = {isa = PBXFileReference; lastKnownFileType = sourcecode.swift; path = ProfileView.swift; sourceTree = "<group>"; };
		00EE05262B2F2A8D00DC7474 /* AboutView.swift */ = {isa = PBXFileReference; lastKnownFileType = sourcecode.swift; path = AboutView.swift; sourceTree = "<group>"; };
		00EE05282B2F36EC00DC7474 /* LoggedInView.swift */ = {isa = PBXFileReference; lastKnownFileType = sourcecode.swift; path = LoggedInView.swift; sourceTree = "<group>"; };
		00EE052A2B2F377700DC7474 /* EntryView.swift */ = {isa = PBXFileReference; lastKnownFileType = sourcecode.swift; path = EntryView.swift; sourceTree = "<group>"; };
		00EE052C2B2F37E500DC7474 /* CustomViews.swift */ = {isa = PBXFileReference; fileEncoding = 4; lastKnownFileType = sourcecode.swift; path = CustomViews.swift; sourceTree = "<group>"; };
/* End PBXFileReference section */

/* Begin PBXFrameworksBuildPhase section */
		00EE05002B2F27B200DC7474 /* Frameworks */ = {
			isa = PBXFrameworksBuildPhase;
			buildActionMask = 2147483647;
			files = (
				00EE051B2B2F284900DC7474 /* Replicate in Frameworks */,
				00EE05182B2F283800DC7474 /* KeychainSwift in Frameworks */,
			);
			runOnlyForDeploymentPostprocessing = 0;
		};
/* End PBXFrameworksBuildPhase section */

/* Begin PBXGroup section */
		00C052542B30A2C6006B2D1E /* Views */ = {
			isa = PBXGroup;
			children = (
				00EE05082B2F27B200DC7474 /* ContentView.swift */,
				00EE052A2B2F377700DC7474 /* EntryView.swift */,
				00EE051E2B2F294300DC7474 /* LoginView.swift */,
				00EE05202B2F297800DC7474 /* RegistrationView.swift */,
				00EE05222B2F29D300DC7474 /* ImageSearchView.swift */,
				00EE05242B2F2A2200DC7474 /* ProfileView.swift */,
				00EE05262B2F2A8D00DC7474 /* AboutView.swift */,
				00EE05282B2F36EC00DC7474 /* LoggedInView.swift */,
			);
			path = Views;
			sourceTree = "<group>";
		};
		00EE04FA2B2F27B200DC7474 = {
			isa = PBXGroup;
			children = (
				00EE05052B2F27B200DC7474 /* AImage2 */,
				00EE05042B2F27B200DC7474 /* Products */,
			);
			sourceTree = "<group>";
		};
		00EE05042B2F27B200DC7474 /* Products */ = {
			isa = PBXGroup;
			children = (
				00EE05032B2F27B200DC7474 /* AImage2.app */,
			);
			name = Products;
			sourceTree = "<group>";
		};
		00EE05052B2F27B200DC7474 /* AImage2 */ = {
			isa = PBXGroup;
			children = (
				00EE05062B2F27B200DC7474 /* AImage2App.swift */,
				00C052542B30A2C6006B2D1E /* Views */,
				00EE052C2B2F37E500DC7474 /* CustomViews.swift */,
				00EE050A2B2F27B400DC7474 /* Assets.xcassets */,
				00EE050C2B2F27B400DC7474 /* Preview Content */,
				00EE05142B2F280600DC7474 /* UserManager.swift */,
			);
			path = AImage2;
			sourceTree = "<group>";
		};
		00EE050C2B2F27B400DC7474 /* Preview Content */ = {
			isa = PBXGroup;
			children = (
				00EE050D2B2F27B400DC7474 /* Preview Assets.xcassets */,
			);
			path = "Preview Content";
			sourceTree = "<group>";
		};
/* End PBXGroup section */

/* Begin PBXNativeTarget section */
		00EE05022B2F27B200DC7474 /* AImage2 */ = {
			isa = PBXNativeTarget;
			buildConfigurationList = 00EE05112B2F27B400DC7474 /* Build configuration list for PBXNativeTarget "AImage2" */;
			buildPhases = (
				00EE04FF2B2F27B200DC7474 /* Sources */,
				00EE05002B2F27B200DC7474 /* Frameworks */,
				00EE05012B2F27B200DC7474 /* Resources */,
			);
			buildRules = (
			);
			dependencies = (
			);
			name = AImage2;
			packageProductDependencies = (
				00EE05172B2F283800DC7474 /* KeychainSwift */,
				00EE051A2B2F284900DC7474 /* Replicate */,
			);
			productName = AImage2;
			productReference = 00EE05032B2F27B200DC7474 /* AImage2.app */;
			productType = "com.apple.product-type.application";
		};
/* End PBXNativeTarget section */

/* Begin PBXProject section */
		00EE04FB2B2F27B200DC7474 /* Project object */ = {
			isa = PBXProject;
			attributes = {
				BuildIndependentTargetsInParallel = 1;
				LastSwiftUpdateCheck = 1510;
				LastUpgradeCheck = 1510;
				TargetAttributes = {
					00EE05022B2F27B200DC7474 = {
						CreatedOnToolsVersion = 15.1;
					};
				};
			};
			buildConfigurationList = 00EE04FE2B2F27B200DC7474 /* Build configuration list for PBXProject "AImage2" */;
			compatibilityVersion = "Xcode 14.0";
			developmentRegion = en;
			hasScannedForEncodings = 0;
			knownRegions = (
				en,
				Base,
			);
			mainGroup = 00EE04FA2B2F27B200DC7474;
			packageReferences = (
				00EE05162B2F283700DC7474 /* XCRemoteSwiftPackageReference "keychain-swift" */,
				00EE05192B2F284900DC7474 /* XCRemoteSwiftPackageReference "replicate-swift" */,
			);
			productRefGroup = 00EE05042B2F27B200DC7474 /* Products */;
			projectDirPath = "";
			projectRoot = "";
			targets = (
				00EE05022B2F27B200DC7474 /* AImage2 */,
			);
		};
/* End PBXProject section */

/* Begin PBXResourcesBuildPhase section */
		00EE05012B2F27B200DC7474 /* Resources */ = {
			isa = PBXResourcesBuildPhase;
			buildActionMask = 2147483647;
			files = (
				00EE050E2B2F27B400DC7474 /* Preview Assets.xcassets in Resources */,
				00EE050B2B2F27B400DC7474 /* Assets.xcassets in Resources */,
			);
			runOnlyForDeploymentPostprocessing = 0;
		};
/* End PBXResourcesBuildPhase section */

/* Begin PBXSourcesBuildPhase section */
		00EE04FF2B2F27B200DC7474 /* Sources */ = {
			isa = PBXSourcesBuildPhase;
			buildActionMask = 2147483647;
			files = (
				00EE05252B2F2A2200DC7474 /* ProfileView.swift in Sources */,
				00EE05232B2F29D300DC7474 /* ImageSearchView.swift in Sources */,
				00EE05152B2F280600DC7474 /* UserManager.swift in Sources */,
				00EE05272B2F2A8D00DC7474 /* AboutView.swift in Sources */,
				00EE05292B2F36EC00DC7474 /* LoggedInView.swift in Sources */,
				00EE05092B2F27B200DC7474 /* ContentView.swift in Sources */,
				00EE05212B2F297800DC7474 /* RegistrationView.swift in Sources */,
				00EE051F2B2F294300DC7474 /* LoginView.swift in Sources */,
				00EE05072B2F27B200DC7474 /* AImage2App.swift in Sources */,
				00EE052D2B2F37E500DC7474 /* CustomViews.swift in Sources */,
				00EE052B2B2F377700DC7474 /* EntryView.swift in Sources */,
			);
			runOnlyForDeploymentPostprocessing = 0;
		};
/* End PBXSourcesBuildPhase section */

/* Begin XCBuildConfiguration section */
		00EE050F2B2F27B400DC7474 /* Debug */ = {
			isa = XCBuildConfiguration;
			buildSettings = {
				ALWAYS_SEARCH_USER_PATHS = NO;
				ASSETCATALOG_COMPILER_GENERATE_SWIFT_ASSET_SYMBOL_EXTENSIONS = YES;
				CLANG_ANALYZER_NONNULL = YES;
				CLANG_ANALYZER_NUMBER_OBJECT_CONVERSION = YES_AGGRESSIVE;
				CLANG_CXX_LANGUAGE_STANDARD = "gnu++20";
				CLANG_ENABLE_MODULES = YES;
				CLANG_ENABLE_OBJC_ARC = YES;
				CLANG_ENABLE_OBJC_WEAK = YES;
				CLANG_WARN_BLOCK_CAPTURE_AUTORELEASING = YES;
				CLANG_WARN_BOOL_CONVERSION = YES;
				CLANG_WARN_COMMA = YES;
				CLANG_WARN_CONSTANT_CONVERSION = YES;
				CLANG_WARN_DEPRECATED_OBJC_IMPLEMENTATIONS = YES;
				CLANG_WARN_DIRECT_OBJC_ISA_USAGE = YES_ERROR;
				CLANG_WARN_DOCUMENTATION_COMMENTS = YES;
				CLANG_WARN_EMPTY_BODY = YES;
				CLANG_WARN_ENUM_CONVERSION = YES;
				CLANG_WARN_INFINITE_RECURSION = YES;
				CLANG_WARN_INT_CONVERSION = YES;
				CLANG_WARN_NON_LITERAL_NULL_CONVERSION = YES;
				CLANG_WARN_OBJC_IMPLICIT_RETAIN_SELF = YES;
				CLANG_WARN_OBJC_LITERAL_CONVERSION = YES;
				CLANG_WARN_OBJC_ROOT_CLASS = YES_ERROR;
				CLANG_WARN_QUOTED_INCLUDE_IN_FRAMEWORK_HEADER = YES;
				CLANG_WARN_RANGE_LOOP_ANALYSIS = YES;
				CLANG_WARN_STRICT_PROTOTYPES = YES;
				CLANG_WARN_SUSPICIOUS_MOVE = YES;
				CLANG_WARN_UNGUARDED_AVAILABILITY = YES_AGGRESSIVE;
				CLANG_WARN_UNREACHABLE_CODE = YES;
				CLANG_WARN__DUPLICATE_METHOD_MATCH = YES;
				COPY_PHASE_STRIP = NO;
				DEBUG_INFORMATION_FORMAT = dwarf;
				ENABLE_STRICT_OBJC_MSGSEND = YES;
				ENABLE_TESTABILITY = YES;
				ENABLE_USER_SCRIPT_SANDBOXING = YES;
				GCC_C_LANGUAGE_STANDARD = gnu17;
				GCC_DYNAMIC_NO_PIC = NO;
				GCC_NO_COMMON_BLOCKS = YES;
				GCC_OPTIMIZATION_LEVEL = 0;
				GCC_PREPROCESSOR_DEFINITIONS = (
					"DEBUG=1",
					"$(inherited)",
				);
				GCC_WARN_64_TO_32_BIT_CONVERSION = YES;
				GCC_WARN_ABOUT_RETURN_TYPE = YES_ERROR;
				GCC_WARN_UNDECLARED_SELECTOR = YES;
				GCC_WARN_UNINITIALIZED_AUTOS = YES_AGGRESSIVE;
				GCC_WARN_UNUSED_FUNCTION = YES;
				GCC_WARN_UNUSED_VARIABLE = YES;
				IPHONEOS_DEPLOYMENT_TARGET = 17.2;
				LOCALIZATION_PREFERS_STRING_CATALOGS = YES;
				MTL_ENABLE_DEBUG_INFO = INCLUDE_SOURCE;
				MTL_FAST_MATH = YES;
				ONLY_ACTIVE_ARCH = YES;
				SDKROOT = iphoneos;
				SWIFT_ACTIVE_COMPILATION_CONDITIONS = "DEBUG $(inherited)";
				SWIFT_OPTIMIZATION_LEVEL = "-Onone";
			};
			name = Debug;
		};
		00EE05102B2F27B400DC7474 /* Release */ = {
			isa = XCBuildConfiguration;
			buildSettings = {
				ALWAYS_SEARCH_USER_PATHS = NO;
				ASSETCATALOG_COMPILER_GENERATE_SWIFT_ASSET_SYMBOL_EXTENSIONS = YES;
				CLANG_ANALYZER_NONNULL = YES;
				CLANG_ANALYZER_NUMBER_OBJECT_CONVERSION = YES_AGGRESSIVE;
				CLANG_CXX_LANGUAGE_STANDARD = "gnu++20";
				CLANG_ENABLE_MODULES = YES;
				CLANG_ENABLE_OBJC_ARC = YES;
				CLANG_ENABLE_OBJC_WEAK = YES;
				CLANG_WARN_BLOCK_CAPTURE_AUTORELEASING = YES;
				CLANG_WARN_BOOL_CONVERSION = YES;
				CLANG_WARN_COMMA = YES;
				CLANG_WARN_CONSTANT_CONVERSION = YES;
				CLANG_WARN_DEPRECATED_OBJC_IMPLEMENTATIONS = YES;
				CLANG_WARN_DIRECT_OBJC_ISA_USAGE = YES_ERROR;
				CLANG_WARN_DOCUMENTATION_COMMENTS = YES;
				CLANG_WARN_EMPTY_BODY = YES;
				CLANG_WARN_ENUM_CONVERSION = YES;
				CLANG_WARN_INFINITE_RECURSION = YES;
				CLANG_WARN_INT_CONVERSION = YES;
				CLANG_WARN_NON_LITERAL_NULL_CONVERSION = YES;
				CLANG_WARN_OBJC_IMPLICIT_RETAIN_SELF = YES;
				CLANG_WARN_OBJC_LITERAL_CONVERSION = YES;
				CLANG_WARN_OBJC_ROOT_CLASS = YES_ERROR;
				CLANG_WARN_QUOTED_INCLUDE_IN_FRAMEWORK_HEADER = YES;
				CLANG_WARN_RANGE_LOOP_ANALYSIS = YES;
				CLANG_WARN_STRICT_PROTOTYPES = YES;
				CLANG_WARN_SUSPICIOUS_MOVE = YES;
				CLANG_WARN_UNGUARDED_AVAILABILITY = YES_AGGRESSIVE;
				CLANG_WARN_UNREACHABLE_CODE = YES;
				CLANG_WARN__DUPLICATE_METHOD_MATCH = YES;
				COPY_PHASE_STRIP = NO;
				DEBUG_INFORMATION_FORMAT = "dwarf-with-dsym";
				ENABLE_NS_ASSERTIONS = NO;
				ENABLE_STRICT_OBJC_MSGSEND = YES;
				ENABLE_USER_SCRIPT_SANDBOXING = YES;
				GCC_C_LANGUAGE_STANDARD = gnu17;
				GCC_NO_COMMON_BLOCKS = YES;
				GCC_WARN_64_TO_32_BIT_CONVERSION = YES;
				GCC_WARN_ABOUT_RETURN_TYPE = YES_ERROR;
				GCC_WARN_UNDECLARED_SELECTOR = YES;
				GCC_WARN_UNINITIALIZED_AUTOS = YES_AGGRESSIVE;
				GCC_WARN_UNUSED_FUNCTION = YES;
				GCC_WARN_UNUSED_VARIABLE = YES;
				IPHONEOS_DEPLOYMENT_TARGET = 17.2;
				LOCALIZATION_PREFERS_STRING_CATALOGS = YES;
				MTL_ENABLE_DEBUG_INFO = NO;
				MTL_FAST_MATH = YES;
				SDKROOT = iphoneos;
				SWIFT_COMPILATION_MODE = wholemodule;
				VALIDATE_PRODUCT = YES;
			};
			name = Release;
		};
		00EE05122B2F27B400DC7474 /* Debug */ = {
			isa = XCBuildConfiguration;
			buildSettings = {
				ASSETCATALOG_COMPILER_APPICON_NAME = AppIcon;
				ASSETCATALOG_COMPILER_GLOBAL_ACCENT_COLOR_NAME = AccentColor;
				CODE_SIGN_STYLE = Automatic;
				CURRENT_PROJECT_VERSION = 1;
				DEVELOPMENT_ASSET_PATHS = "\"AImage2/Preview Content\"";
				DEVELOPMENT_TEAM = ANX8Q7JZVS;
				ENABLE_PREVIEWS = YES;
				GENERATE_INFOPLIST_FILE = YES;
				INFOPLIST_KEY_UIApplicationSceneManifest_Generation = YES;
				INFOPLIST_KEY_UIApplicationSupportsIndirectInputEvents = YES;
				INFOPLIST_KEY_UILaunchScreen_Generation = YES;
				INFOPLIST_KEY_UISupportedInterfaceOrientations_iPad = "UIInterfaceOrientationPortrait UIInterfaceOrientationPortraitUpsideDown UIInterfaceOrientationLandscapeLeft UIInterfaceOrientationLandscapeRight";
				INFOPLIST_KEY_UISupportedInterfaceOrientations_iPhone = "UIInterfaceOrientationPortrait UIInterfaceOrientationLandscapeLeft UIInterfaceOrientationLandscapeRight";
				LD_RUNPATH_SEARCH_PATHS = (
					"$(inherited)",
					"@executable_path/Frameworks",
				);
				MARKETING_VERSION = 1.0;
				PRODUCT_BUNDLE_IDENTIFIER = com.a5tr1d.AImage2;
				PRODUCT_NAME = "$(TARGET_NAME)";
				SWIFT_EMIT_LOC_STRINGS = YES;
				SWIFT_VERSION = 5.0;
				TARGETED_DEVICE_FAMILY = "1,2";
			};
			name = Debug;
		};
		00EE05132B2F27B400DC7474 /* Release */ = {
			isa = XCBuildConfiguration;
			buildSettings = {
				ASSETCATALOG_COMPILER_APPICON_NAME = AppIcon;
				ASSETCATALOG_COMPILER_GLOBAL_ACCENT_COLOR_NAME = AccentColor;
				CODE_SIGN_STYLE = Automatic;
				CURRENT_PROJECT_VERSION = 1;
				DEVELOPMENT_ASSET_PATHS = "\"AImage2/Preview Content\"";
				DEVELOPMENT_TEAM = ANX8Q7JZVS;
				ENABLE_PREVIEWS = YES;
				GENERATE_INFOPLIST_FILE = YES;
				INFOPLIST_KEY_UIApplicationSceneManifest_Generation = YES;
				INFOPLIST_KEY_UIApplicationSupportsIndirectInputEvents = YES;
				INFOPLIST_KEY_UILaunchScreen_Generation = YES;
				INFOPLIST_KEY_UISupportedInterfaceOrientations_iPad = "UIInterfaceOrientationPortrait UIInterfaceOrientationPortraitUpsideDown UIInterfaceOrientationLandscapeLeft UIInterfaceOrientationLandscapeRight";
				INFOPLIST_KEY_UISupportedInterfaceOrientations_iPhone = "UIInterfaceOrientationPortrait UIInterfaceOrientationLandscapeLeft UIInterfaceOrientationLandscapeRight";
				LD_RUNPATH_SEARCH_PATHS = (
					"$(inherited)",
					"@executable_path/Frameworks",
				);
				MARKETING_VERSION = 1.0;
				PRODUCT_BUNDLE_IDENTIFIER = com.a5tr1d.AImage2;
				PRODUCT_NAME = "$(TARGET_NAME)";
				SWIFT_EMIT_LOC_STRINGS = YES;
				SWIFT_VERSION = 5.0;
				TARGETED_DEVICE_FAMILY = "1,2";
			};
			name = Release;
		};
/* End XCBuildConfiguration section */

/* Begin XCConfigurationList section */
		00EE04FE2B2F27B200DC7474 /* Build configuration list for PBXProject "AImage2" */ = {
			isa = XCConfigurationList;
			buildConfigurations = (
				00EE050F2B2F27B400DC7474 /* Debug */,
				00EE05102B2F27B400DC7474 /* Release */,
			);
			defaultConfigurationIsVisible = 0;
			defaultConfigurationName = Release;
		};
		00EE05112B2F27B400DC7474 /* Build configuration list for PBXNativeTarget "AImage2" */ = {
			isa = XCConfigurationList;
			buildConfigurations = (
				00EE05122B2F27B400DC7474 /* Debug */,
				00EE05132B2F27B400DC7474 /* Release */,
			);
			defaultConfigurationIsVisible = 0;
			defaultConfigurationName = Release;
		};
/* End XCConfigurationList section */

/* Begin XCRemoteSwiftPackageReference section */
		00EE05162B2F283700DC7474 /* XCRemoteSwiftPackageReference "keychain-swift" */ = {
			isa = XCRemoteSwiftPackageReference;
			repositoryURL = "https://github.com/evgenyneu/keychain-swift.git";
			requirement = {
				kind = upToNextMajorVersion;
				minimumVersion = 20.0.0;
			};
		};
		00EE05192B2F284900DC7474 /* XCRemoteSwiftPackageReference "replicate-swift" */ = {
			isa = XCRemoteSwiftPackageReference;
			repositoryURL = "https://github.com/replicate/replicate-swift";
			requirement = {
				kind = upToNextMajorVersion;
				minimumVersion = 0.20.0;
			};
		};
/* End XCRemoteSwiftPackageReference section */

/* Begin XCSwiftPackageProductDependency section */
		00EE05172B2F283800DC7474 /* KeychainSwift */ = {
			isa = XCSwiftPackageProductDependency;
			package = 00EE05162B2F283700DC7474 /* XCRemoteSwiftPackageReference "keychain-swift" */;
			productName = KeychainSwift;
		};
		00EE051A2B2F284900DC7474 /* Replicate */ = {
			isa = XCSwiftPackageProductDependency;
			package = 00EE05192B2F284900DC7474 /* XCRemoteSwiftPackageReference "replicate-swift" */;
			productName = Replicate;
		};
/* End XCSwiftPackageProductDependency section */
	};
	rootObject = 00EE04FB2B2F27B200DC7474 /* Project object */;
}
